
Microsoft Visual Studio Solution File, Format Version 12.00
# Visual Studio Version 16
VisualStudioVersion = 16.0.29230.47
MinimumVisualStudioVersion = 10.0.40219.1
Project("{8BC9CEB8-8B4A-11D0-8D11-00A0C91BC942}") = "A1", "A1.vcxproj", "{31AEFF2E-B8C6-4613-AF65-BDFFD0A3A7A6}"
EndProject
Global
	GlobalSection(SolutionConfigurationPlatforms) = preSolution
		Debug|x64 = Debug|x64
		Debug|x86 = Debug|x86
		Release|x64 = Release|x64
		Release|x86 = Release|x86
	EndGlobalSection
	GlobalSection(ProjectConfigurationPlatforms) = postSolution
		{31AEFF2E-B8C6-4613-AF65-BDFFD0A3A7A6}.Debug|x64.ActiveCfg = Debug|x64
		{31AEFF2E-B8C6-4613-AF65-BDFFD0A3A7A6}.Debug|x64.Build.0 = Debug|x64
		{31AEFF2E-B8C6-4613-AF65-BDFFD0A3A7A6}.Debug|x86.ActiveCfg = Debug|Win32
		{31AEFF2E-B8C6-4613-AF65-BDFFD0A3A7A6}.Debug|x86.Build.0 = Debug|Win32
		{31AEFF2E-B8C6-4613-AF65-BDFFD0A3A7A6}.Release|x64.ActiveCfg = Release|x64
		{31AEFF2E-B8C6-4613-AF65-BDFFD0A3A7A6}.Release|x64.Build.0 = Release|x64
		{31AEFF2E-B8C6-4613-AF65-BDFFD0A3A7A6}.Release|x86.ActiveCfg = Release|Win32
		{31AEFF2E-B8C6-4613-AF65-BDFFD0A3A7A6}.Release|x86.Build.0 = Release|Win32
	EndGlobalSection
	GlobalSection(SolutionProperties) = preSolution
		HideSolutionNode = FALSE
	EndGlobalSection
	GlobalSection(ExtensibilityGlobals) = postSolution
		SolutionGuid = {40F88591-32D1-4975-8E7A-C14DC0750B43}
	EndGlobalSection
EndGlobal
